
Microsoft Visual Studio Solution File, Format Version 12.00
# Visual Studio Version 17
VisualStudioVersion = 17.1.32228.430
MinimumVisualStudioVersion = 10.0.40219.1
Project("{FAE04EC0-301F-11D3-BF4B-00C04F79EFBC}") = "CSPL", "CSPL\CSPL.csproj", "{68B8BD75-5862-4D47-8858-AFCEE9566DE8}"
EndProject
Global
	GlobalSection(SolutionConfigurationPlatforms) = preSolution
		Debug|Any CPU = Debug|Any CPU
		Release|Any CPU = Release|Any CPU
	EndGlobalSection
	GlobalSection(ProjectConfigurationPlatforms) = postSolution
		{68B8BD75-5862-4D47-8858-AFCEE9566DE8}.Debug|Any CPU.ActiveCfg = Debug|Any CPU
		{68B8BD75-5862-4D47-8858-AFCEE9566DE8}.Debug|Any CPU.Build.0 = Debug|Any CPU
		{68B8BD75-5862-4D47-8858-AFCEE9566DE8}.Release|Any CPU.ActiveCfg = Release|Any CPU
		{68B8BD75-5862-4D47-8858-AFCEE9566DE8}.Release|Any CPU.Build.0 = Release|Any CPU
	EndGlobalSection
	GlobalSection(SolutionProperties) = preSolution
		HideSolutionNode = FALSE
	EndGlobalSection
	GlobalSection(ExtensibilityGlobals) = postSolution
		SolutionGuid = {559AD98B-D5A4-42B7-A61F-21C934392873}
	EndGlobalSection
EndGlobal
